<?xml version="1.0" encoding="utf-8"?>
<Project ToolsVersion="4.0" xmlns="http://schemas.microsoft.com/developer/msbuild/2003">
  <ItemGroup>
    <Filter Include="ソース ファイル">
      <UniqueIdentifier>{4FC737F1-C7A5-4376-A066-2A32D752A2FF}</UniqueIdentifier>
      <Extensions>cpp;c;cc;cxx;def;odl;idl;hpj;bat;asm;asmx</Extensions>
    </Filter>
    <Filter Include="ヘッダー ファイル">
      <UniqueIdentifier>{93995380-89BD-4b04-88EB-625FBE52EBFB}</UniqueIdentifier>
      <Extensions>h;hh;hpp;hxx;hm;inl;inc;ipp;xsd</Extensions>
    </Filter>
    <Filter Include="リソース ファイル">
      <UniqueIdentifier>{67DA6AB6-F800-4c08-8B7A-83BB121AAD01}</UniqueIdentifier>
      <Extensions>rc;ico;cur;bmp;dlg;rc2;rct;bin;rgs;gif;jpg;jpeg;jpe;resx;tiff;tif;png;wav;mfcribbon-ms</Extensions>
    </Filter>
    <Filter Include="ヘッダー ファイル\RapidJSON">
      <UniqueIdentifier>{adb229c3-86cb-46d3-878e-7f993b9f897a}</UniqueIdentifier>
    </Filter>
  </ItemGroup>
  <ItemGroup>
    <ClCompile Include="TBo365URLSync.cpp">
      <Filter>ソース ファイル</Filter>
    </ClCompile>
    <ClCompile Include="TBo365URLSyncDlg.cpp">
      <Filter>ソース ファイル</Filter>
    </ClCompile>
    <ClCompile Include="stdafx.cpp">
      <Filter>ソース ファイル</Filter>
    </ClCompile>
  </ItemGroup>
  <ItemGroup>
    <ClInclude Include="TBo365URLSyncDlg.h">
      <Filter>ヘッダー ファイル</Filter>
    </ClInclude>
    <ClInclude Include="resource.h">
      <Filter>ヘッダー ファイル</Filter>
    </ClInclude>
    <ClInclude Include="targetver.h">
      <Filter>ヘッダー ファイル</Filter>
    </ClInclude>
    <ClInclude Include="TBo365URLSync.h">
      <Filter>ヘッダー ファイル</Filter>
    </ClInclude>
    <ClInclude Include="O365EndpointHelper.h">
      <Filter>ヘッダー ファイル</Filter>
    </ClInclude>
    <ClInclude Include="rapidjson\encodedstream.h">
      <Filter>ヘッダー ファイル\RapidJSON</Filter>
    </ClInclude>
    <ClInclude Include="rapidjson\encodings.h">
      <Filter>ヘッダー ファイル\RapidJSON</Filter>
    </ClInclude>
    <ClInclude Include="rapidjson\filereadstream.h">
      <Filter>ヘッダー ファイル\RapidJSON</Filter>
    </ClInclude>
    <ClInclude Include="rapidjson\filewritestream.h">
      <Filter>ヘッダー ファイル\RapidJSON</Filter>
    </ClInclude>
    <ClInclude Include="rapidjson\fwd.h">
      <Filter>ヘッダー ファイル\RapidJSON</Filter>
    </ClInclude>
    <ClInclude Include="rapidjson\istreamwrapper.h">
      <Filter>ヘッダー ファイル\RapidJSON</Filter>
    </ClInclude>
    <ClInclude Include="rapidjson\memorybuffer.h">
      <Filter>ヘッダー ファイル\RapidJSON</Filter>
    </ClInclude>
    <ClInclude Include="rapidjson\memorystream.h">
      <Filter>ヘッダー ファイル\RapidJSON</Filter>
    </ClInclude>
    <ClInclude Include="rapidjson\ostreamwrapper.h">
      <Filter>ヘッダー ファイル\RapidJSON</Filter>
    </ClInclude>
    <ClInclude Include="rapidjson\pointer.h">
      <Filter>ヘッダー ファイル\RapidJSON</Filter>
    </ClInclude>
    <ClInclude Include="rapidjson\prettywriter.h">
      <Filter>ヘッダー ファイル\RapidJSON</Filter>
    </ClInclude>
    <ClInclude Include="rapidjson\rapidjson.h">
      <Filter>ヘッダー ファイル\RapidJSON</Filter>
    </ClInclude>
    <ClInclude Include="rapidjson\reader.h">
      <Filter>ヘッダー ファイル\RapidJSON</Filter>
    </ClInclude>
    <ClInclude Include="rapidjson\schema.h">
      <Filter>ヘッダー ファイル\RapidJSON</Filter>
    </ClInclude>
    <ClInclude Include="rapidjson\stream.h">
      <Filter>ヘッダー ファイル\RapidJSON</Filter>
    </ClInclude>
    <ClInclude Include="rapidjson\stringbuffer.h">
      <Filter>ヘッダー ファイル\RapidJSON</Filter>
    </ClInclude>
    <ClInclude Include="rapidjson\writer.h">
      <Filter>ヘッダー ファイル\RapidJSON</Filter>
    </ClInclude>
    <ClInclude Include="rapidjson\error\en.h">
      <Filter>ヘッダー ファイル\RapidJSON</Filter>
    </ClInclude>
    <ClInclude Include="rapidjson\error\error.h">
      <Filter>ヘッダー ファイル\RapidJSON</Filter>
    </ClInclude>
    <ClInclude Include="rapidjson\internal\biginteger.h">
      <Filter>ヘッダー ファイル\RapidJSON</Filter>
    </ClInclude>
    <ClInclude Include="rapidjson\internal\clzll.h">
      <Filter>ヘッダー ファイル\RapidJSON</Filter>
    </ClInclude>
    <ClInclude Include="rapidjson\internal\diyfp.h">
      <Filter>ヘッダー ファイル\RapidJSON</Filter>
    </ClInclude>
    <ClInclude Include="rapidjson\internal\dtoa.h">
      <Filter>ヘッダー ファイル\RapidJSON</Filter>
    </ClInclude>
    <ClInclude Include="rapidjson\internal\ieee754.h">
      <Filter>ヘッダー ファイル\RapidJSON</Filter>
    </ClInclude>
    <ClInclude Include="rapidjson\internal\itoa.h">
      <Filter>ヘッダー ファイル\RapidJSON</Filter>
    </ClInclude>
    <ClInclude Include="rapidjson\internal\meta.h">
      <Filter>ヘッダー ファイル\RapidJSON</Filter>
    </ClInclude>
    <ClInclude Include="rapidjson\internal\pow10.h">
      <Filter>ヘッダー ファイル\RapidJSON</Filter>
    </ClInclude>
    <ClInclude Include="rapidjson\internal\regex.h">
      <Filter>ヘッダー ファイル\RapidJSON</Filter>
    </ClInclude>
    <ClInclude Include="rapidjson\internal\stack.h">
      <Filter>ヘッダー ファイル\RapidJSON</Filter>
    </ClInclude>
    <ClInclude Include="rapidjson\internal\strfunc.h">
      <Filter>ヘッダー ファイル\RapidJSON</Filter>
    </ClInclude>
    <ClInclude Include="rapidjson\internal\strtod.h">
      <Filter>ヘッダー ファイル\RapidJSON</Filter>
    </ClInclude>
    <ClInclude Include="rapidjson\internal\swap.h">
      <Filter>ヘッダー ファイル\RapidJSON</Filter>
    </ClInclude>
    <ClInclude Include="rapidjson\msinttypes\inttypes.h">
      <Filter>ヘッダー ファイル\RapidJSON</Filter>
    </ClInclude>
    <ClInclude Include="rapidjson\msinttypes\stdint.h">
      <Filter>ヘッダー ファイル\RapidJSON</Filter>
    </ClInclude>
    <ClInclude Include="rapidjson\allocators.h">
      <Filter>ヘッダー ファイル\RapidJSON</Filter>
    </ClInclude>
    <ClInclude Include="rapidjson\cursorstreamwrapper.h">
      <Filter>ヘッダー ファイル\RapidJSON</Filter>
    </ClInclude>
    <ClInclude Include="rapidjson\document.h">
      <Filter>ヘッダー ファイル\RapidJSON</Filter>
    </ClInclude>
    <ClInclude Include="stdafx.h">
      <Filter>ヘッダー ファイル</Filter>
    </ClInclude>
  </ItemGroup>
  <ItemGroup>
    <ResourceCompile Include="TBo365URLSync.rc">
      <Filter>リソース ファイル</Filter>
    </ResourceCompile>
  </ItemGroup>
  <ItemGroup>
    <Image Include="res\TBo365URLSync.ICO">
      <Filter>リソース ファイル</Filter>
    </Image>
    <Image Include="res\bitmap1.bmp">
      <Filter>リソース ファイル</Filter>
    </Image>
  </ItemGroup>
  <ItemGroup>
    <None Include="res\TBo365URLSync.rc2">
      <Filter>リソース ファイル</Filter>
    </None>
  </ItemGroup>
</Project>