<?xml version="1.0" encoding="utf-8"?>
<Project ToolsVersion="4.0" xmlns="http://schemas.microsoft.com/developer/msbuild/2003">
  <ItemGroup>
    <Filter Include="ソース ファイル">
      <UniqueIdentifier>{4FC737F1-C7A5-4376-A066-2A32D752A2FF}</UniqueIdentifier>
      <Extensions>cpp;c;cc;cxx;def;odl;idl;hpj;bat;asm;asmx</Extensions>
    </Filter>
    <Filter Include="ヘッダー ファイル">
      <UniqueIdentifier>{93995380-89BD-4b04-88EB-625FBE52EBFB}</UniqueIdentifier>
      <Extensions>h;hpp;hxx;hm;inl;inc;xsd</Extensions>
    </Filter>
    <Filter Include="リソース ファイル">
      <UniqueIdentifier>{67DA6AB6-F800-4c08-8B7A-83BB121AAD01}</UniqueIdentifier>
      <Extensions>rc;ico;cur;bmp;dlg;rc2;rct;bin;rgs;gif;jpg;jpeg;jpe;resx;tiff;tif;png;wav;mfcribbon-ms</Extensions>
    </Filter>
    <Filter Include="生成されたファイル">
      <UniqueIdentifier>{0b3f0743-6bea-4ad5-a1a2-211a0ff26d5d}</UniqueIdentifier>
      <SourceControlFiles>False</SourceControlFiles>
    </Filter>
  </ItemGroup>
  <ItemGroup>
    <ClCompile Include="stdafx.cpp">
      <Filter>ソース ファイル</Filter>
    </ClCompile>
    <ClCompile Include="BHORedirector.cpp">
      <Filter>ソース ファイル</Filter>
    </ClCompile>
    <ClCompile Include="dllmain.cpp">
      <Filter>ソース ファイル</Filter>
    </ClCompile>
    <ClCompile Include="BHORedirector_i.c">
      <Filter>生成されたファイル</Filter>
    </ClCompile>
  </ItemGroup>
  <ItemGroup>
    <ClInclude Include="stdafx.h">
      <Filter>ヘッダー ファイル</Filter>
    </ClInclude>
    <ClInclude Include="targetver.h">
      <Filter>ヘッダー ファイル</Filter>
    </ClInclude>
    <ClInclude Include="Resource.h">
      <Filter>ヘッダー ファイル</Filter>
    </ClInclude>
    <ClInclude Include="dllmain.h">
      <Filter>ヘッダー ファイル</Filter>
    </ClInclude>
    <ClInclude Include="BHORedirector_i.h">
      <Filter>生成されたファイル</Filter>
    </ClInclude>
    <ClInclude Include="BHORedirector.h">
      <Filter>ヘッダー ファイル</Filter>
    </ClInclude>
    <ClInclude Include="TBGlobal.h">
      <Filter>ヘッダー ファイル</Filter>
    </ClInclude>
    <ClInclude Include="SBUtil.h">
      <Filter>ヘッダー ファイル</Filter>
    </ClInclude>
    <ClInclude Include="ScriptHost.h">
      <Filter>ヘッダー ファイル</Filter>
    </ClInclude>
    <ClInclude Include="AtlStdioFile.h">
      <Filter>ヘッダー ファイル</Filter>
    </ClInclude>
    <ClInclude Include="URLRedirectCore.h">
      <Filter>ヘッダー ファイル</Filter>
    </ClInclude>
  </ItemGroup>
  <ItemGroup>
    <ResourceCompile Include="BHORedirector.rc">
      <Filter>リソース ファイル</Filter>
    </ResourceCompile>
  </ItemGroup>
  <ItemGroup>
    <None Include="BHORedirector.rgs">
      <Filter>リソース ファイル</Filter>
    </None>
    <None Include="BHORedirector.def">
      <Filter>ソース ファイル</Filter>
    </None>
    <None Include="BHORedirector1.rgs">
      <Filter>リソース ファイル</Filter>
    </None>
    <None Include="html1.htm" />
    <None Include="RedirectTr.png">
      <Filter>リソース ファイル</Filter>
    </None>
    <None Include="RedirectChrome.png">
      <Filter>リソース ファイル</Filter>
    </None>
    <None Include="RedirectCitrix.png">
      <Filter>リソース ファイル</Filter>
    </None>
    <None Include="RedirectEdge.png">
      <Filter>リソース ファイル</Filter>
    </None>
    <None Include="RedirectFirefox.png">
      <Filter>リソース ファイル</Filter>
    </None>
    <None Include="RedirectRDP.png">
      <Filter>リソース ファイル</Filter>
    </None>
    <None Include="RedirectVMware.png">
      <Filter>リソース ファイル</Filter>
    </None>
    <None Include="label.bmp">
      <Filter>リソース ファイル</Filter>
    </None>
  </ItemGroup>
  <ItemGroup>
    <Midl Include="BHORedirector.idl">
      <Filter>ソース ファイル</Filter>
    </Midl>
  </ItemGroup>
</Project>